
Microsoft Visual Studio Solution File, Format Version 12.00
# Visual Studio 2015
Project("{FAE04EC0-301F-11D3-BF4B-00C04F79EFBC}") = "UnityVS.Cig TD.CSharp.Plugins", "UnityVS.Cig TD.CSharp.Plugins.csproj", "{A0A54546-F48A-18B9-5068-C79FBD806C8E}"
EndProject
Project("{FAE04EC0-301F-11D3-BF4B-00C04F79EFBC}") = "UnityVS.Cig TD.CSharp", "UnityVS.Cig TD.CSharp.csproj", "{F7CC32C0-1791-577C-9CDF-2D503CAC8B2B}"
EndProject
Global
	GlobalSection(SolutionConfigurationPlatforms) = preSolution
		Debug|Any CPU = Debug|Any CPU
		Release|Any CPU = Release|Any CPU
	EndGlobalSection
	GlobalSection(ProjectConfigurationPlatforms) = postSolution
		{A0A54546-F48A-18B9-5068-C79FBD806C8E}.Debug|Any CPU.ActiveCfg = Debug|Any CPU
		{A0A54546-F48A-18B9-5068-C79FBD806C8E}.Debug|Any CPU.Build.0 = Debug|Any CPU
		{A0A54546-F48A-18B9-5068-C79FBD806C8E}.Release|Any CPU.ActiveCfg = Release|Any CPU
		{A0A54546-F48A-18B9-5068-C79FBD806C8E}.Release|Any CPU.Build.0 = Release|Any CPU
		{F7CC32C0-1791-577C-9CDF-2D503CAC8B2B}.Debug|Any CPU.ActiveCfg = Debug|Any CPU
		{F7CC32C0-1791-577C-9CDF-2D503CAC8B2B}.Debug|Any CPU.Build.0 = Debug|Any CPU
		{F7CC32C0-1791-577C-9CDF-2D503CAC8B2B}.Release|Any CPU.ActiveCfg = Release|Any CPU
		{F7CC32C0-1791-577C-9CDF-2D503CAC8B2B}.Release|Any CPU.Build.0 = Release|Any CPU
	EndGlobalSection
	GlobalSection(SolutionProperties) = preSolution
		HideSolutionNode = FALSE
	EndGlobalSection
EndGlobal
